Microsoft Visual Studio Solution File, Format Version 12.00
# Visual Studio Version 17
VisualStudioVersion = 17.0.31903.59
MinimumVisualStudioVersion = 10.0.40219.1
Project("{FAE04EC0-301F-11D3-BF4B-00C04F79EFBC}") = "CowBull.Domain", "CowBull.Domain\CowBull.Domain.csproj", "{09B45ECA-8F62-42BD-A07E-9BF3420FE396}"
EndProject
Project("{FAE04EC0-301F-11D3-BF4B-00C04F79EFBC}") = "CowBull.Application", "CowBull.Application\CowBull.Application.csproj", "{669289FB-D4A9-4B84-A700-693600876BA7}"
EndProject
Project("{FAE04EC0-301F-11D3-BF4B-00C04F79EFBC}") = "CowBull.Infrastructure", "CowBull.Infrastructure\CowBull.Infrastructure.csproj", "{46BDD184-EAA0-456F-9D3B-6EA2EAB5B26E}"
EndProject
Project("{FAE04EC0-301F-11D3-BF4B-00C04F79EFBC}") = "CowBullServer.Modern", "CowBullServer.Modern\CowBullServer.Modern.csproj", "{C9E9B6D9-4E4C-5B5C-9C9C-4B6C9E4F6A5B}"
EndProject
Project("{FAE04EC0-301F-11D3-BF4B-00C04F79EFBC}") = "CowBullClient.Modern", "CowBullClient.Modern\CowBullClient.Modern.csproj", "{D0F0C7E0-5F5D-6C6D-0D0D-5C7D0F5A6B5C}"
EndProject
Project("{FAE04EC0-301F-11D3-BF4B-00C04F79EFBC}") = "CowBull.Demo", "CowBull.Demo\CowBull.Demo.csproj", "{E1A1D8F1-6A6E-7D7E-1E1E-6D8E1A6B7C6D}"
EndProject
Project("{FAE04EC0-301F-11D3-BF4B-00C04F79EFBC}") = "CowBull.Domain.Tests", "CowBull.Domain.Tests\CowBull.Domain.Tests.csproj", "{0E836234-8D6A-4175-8FBF-928FEA1181E0}"
EndProject
Project("{FAE04EC0-301F-11D3-BF4B-00C04F79EFBC}") = "CowBull.Application.Tests", "CowBull.Application.Tests\CowBull.Application.Tests.csproj", "{8FF55A5F-77EA-4162-A00F-2911D9F2E1A5}"
EndProject
Project("{FAE04EC0-301F-11D3-BF4B-00C04F79EFBC}") = "CowBull.Infrastructure.Tests", "CowBull.Infrastructure.Tests\CowBull.Infrastructure.Tests.csproj", "{883EE718-D75B-4BFF-9E15-3268661655A1}"
EndProject
Project("{FAE04EC0-301F-11D3-BF4B-00C04F79EFBC}") = "CowBull.Presentation.Tests", "CowBull.Presentation.Tests\CowBull.Presentation.Tests.csproj", "{9CAEA62B-A9AF-4C1E-B7A2-1CD5B01E9F97}"
EndProject
Project("{FAE04EC0-301F-11D3-BF4B-00C04F79EFBC}") = "CowBull.Architecture.Tests", "CowBull.Architecture.Tests\CowBull.Architecture.Tests.csproj", "{6914F4FD-85B7-4B09-BB81-F49727CF20E6}"
EndProject
Global
	GlobalSection(SolutionConfigurationPlatforms) = preSolution
		Debug|Any CPU = Debug|Any CPU
		Debug|x64 = Debug|x64
		Debug|x86 = Debug|x86
		Release|Any CPU = Release|Any CPU
		Release|x64 = Release|x64
		Release|x86 = Release|x86
	EndGlobalSection
	GlobalSection(ProjectConfigurationPlatforms) = postSolution
		{09B45ECA-8F62-42BD-A07E-9BF3420FE396}.Debug|Any CPU.ActiveCfg = Debug|Any CPU
		{09B45ECA-8F62-42BD-A07E-9BF3420FE396}.Debug|Any CPU.Build.0 = Debug|Any CPU
		{09B45ECA-8F62-42BD-A07E-9BF3420FE396}.Debug|x64.ActiveCfg = Debug|Any CPU
		{09B45ECA-8F62-42BD-A07E-9BF3420FE396}.Debug|x64.Build.0 = Debug|Any CPU
		{09B45ECA-8F62-42BD-A07E-9BF3420FE396}.Debug|x86.ActiveCfg = Debug|Any CPU
		{09B45ECA-8F62-42BD-A07E-9BF3420FE396}.Debug|x86.Build.0 = Debug|Any CPU
		{09B45ECA-8F62-42BD-A07E-9BF3420FE396}.Release|Any CPU.ActiveCfg = Release|Any CPU
		{09B45ECA-8F62-42BD-A07E-9BF3420FE396}.Release|Any CPU.Build.0 = Release|Any CPU
		{09B45ECA-8F62-42BD-A07E-9BF3420FE396}.Release|x64.ActiveCfg = Release|Any CPU
		{09B45ECA-8F62-42BD-A07E-9BF3420FE396}.Release|x64.Build.0 = Release|Any CPU
		{09B45ECA-8F62-42BD-A07E-9BF3420FE396}.Release|x86.ActiveCfg = Release|Any CPU
		{09B45ECA-8F62-42BD-A07E-9BF3420FE396}.Release|x86.Build.0 = Release|Any CPU
		{669289FB-D4A9-4B84-A700-693600876BA7}.Debug|Any CPU.ActiveCfg = Debug|Any CPU
		{669289FB-D4A9-4B84-A700-693600876BA7}.Debug|Any CPU.Build.0 = Debug|Any CPU
		{669289FB-D4A9-4B84-A700-693600876BA7}.Debug|x64.ActiveCfg = Debug|Any CPU
		{669289FB-D4A9-4B84-A700-693600876BA7}.Debug|x64.Build.0 = Debug|Any CPU
		{669289FB-D4A9-4B84-A700-693600876BA7}.Debug|x86.ActiveCfg = Debug|Any CPU
		{669289FB-D4A9-4B84-A700-693600876BA7}.Debug|x86.Build.0 = Debug|Any CPU
		{669289FB-D4A9-4B84-A700-693600876BA7}.Release|Any CPU.ActiveCfg = Release|Any CPU
		{669289FB-D4A9-4B84-A700-693600876BA7}.Release|Any CPU.Build.0 = Release|Any CPU
		{669289FB-D4A9-4B84-A700-693600876BA7}.Release|x64.ActiveCfg = Release|Any CPU
		{669289FB-D4A9-4B84-A700-693600876BA7}.Release|x64.Build.0 = Release|Any CPU
		{669289FB-D4A9-4B84-A700-693600876BA7}.Release|x86.ActiveCfg = Release|Any CPU
		{669289FB-D4A9-4B84-A700-693600876BA7}.Release|x86.Build.0 = Release|Any CPU
		{46BDD184-EAA0-456F-9D3B-6EA2EAB5B26E}.Debug|Any CPU.ActiveCfg = Debug|Any CPU
		{46BDD184-EAA0-456F-9D3B-6EA2EAB5B26E}.Debug|Any CPU.Build.0 = Debug|Any CPU
		{46BDD184-EAA0-456F-9D3B-6EA2EAB5B26E}.Debug|x64.ActiveCfg = Debug|Any CPU
		{46BDD184-EAA0-456F-9D3B-6EA2EAB5B26E}.Debug|x64.Build.0 = Debug|Any CPU
		{46BDD184-EAA0-456F-9D3B-6EA2EAB5B26E}.Debug|x86.ActiveCfg = Debug|Any CPU
		{46BDD184-EAA0-456F-9D3B-6EA2EAB5B26E}.Debug|x86.Build.0 = Debug|Any CPU
		{46BDD184-EAA0-456F-9D3B-6EA2EAB5B26E}.Release|Any CPU.ActiveCfg = Release|Any CPU
		{46BDD184-EAA0-456F-9D3B-6EA2EAB5B26E}.Release|Any CPU.Build.0 = Release|Any CPU
		{46BDD184-EAA0-456F-9D3B-6EA2EAB5B26E}.Release|x64.ActiveCfg = Release|Any CPU
		{46BDD184-EAA0-456F-9D3B-6EA2EAB5B26E}.Release|x64.Build.0 = Release|Any CPU
		{46BDD184-EAA0-456F-9D3B-6EA2EAB5B26E}.Release|x86.ActiveCfg = Release|Any CPU
		{46BDD184-EAA0-456F-9D3B-6EA2EAB5B26E}.Release|x86.Build.0 = Release|Any CPU
		{C9E9B6D9-4E4C-5B5C-9C9C-4B6C9E4F6A5B}.Debug|Any CPU.ActiveCfg = Debug|Any CPU
		{C9E9B6D9-4E4C-5B5C-9C9C-4B6C9E4F6A5B}.Debug|Any CPU.Build.0 = Debug|Any CPU
		{C9E9B6D9-4E4C-5B5C-9C9C-4B6C9E4F6A5B}.Debug|x64.ActiveCfg = Debug|Any CPU
		{C9E9B6D9-4E4C-5B5C-9C9C-4B6C9E4F6A5B}.Debug|x64.Build.0 = Debug|Any CPU
		{C9E9B6D9-4E4C-5B5C-9C9C-4B6C9E4F6A5B}.Debug|x86.ActiveCfg = Debug|Any CPU
		{C9E9B6D9-4E4C-5B5C-9C9C-4B6C9E4F6A5B}.Debug|x86.Build.0 = Debug|Any CPU
		{C9E9B6D9-4E4C-5B5C-9C9C-4B6C9E4F6A5B}.Release|Any CPU.ActiveCfg = Release|Any CPU
		{C9E9B6D9-4E4C-5B5C-9C9C-4B6C9E4F6A5B}.Release|Any CPU.Build.0 = Release|Any CPU
		{C9E9B6D9-4E4C-5B5C-9C9C-4B6C9E4F6A5B}.Release|x64.ActiveCfg = Release|Any CPU
		{C9E9B6D9-4E4C-5B5C-9C9C-4B6C9E4F6A5B}.Release|x64.Build.0 = Release|Any CPU
		{C9E9B6D9-4E4C-5B5C-9C9C-4B6C9E4F6A5B}.Release|x86.ActiveCfg = Release|Any CPU
		{C9E9B6D9-4E4C-5B5C-9C9C-4B6C9E4F6A5B}.Release|x86.Build.0 = Release|Any CPU
		{D0F0C7E0-5F5D-6C6D-0D0D-5C7D0F5A6B5C}.Debug|Any CPU.ActiveCfg = Debug|Any CPU
		{D0F0C7E0-5F5D-6C6D-0D0D-5C7D0F5A6B5C}.Debug|Any CPU.Build.0 = Debug|Any CPU
		{D0F0C7E0-5F5D-6C6D-0D0D-5C7D0F5A6B5C}.Debug|x64.ActiveCfg = Debug|Any CPU
		{D0F0C7E0-5F5D-6C6D-0D0D-5C7D0F5A6B5C}.Debug|x64.Build.0 = Debug|Any CPU
		{D0F0C7E0-5F5D-6C6D-0D0D-5C7D0F5A6B5C}.Debug|x86.ActiveCfg = Debug|Any CPU
		{D0F0C7E0-5F5D-6C6D-0D0D-5C7D0F5A6B5C}.Debug|x86.Build.0 = Debug|Any CPU
		{D0F0C7E0-5F5D-6C6D-0D0D-5C7D0F5A6B5C}.Release|Any CPU.ActiveCfg = Release|Any CPU
		{D0F0C7E0-5F5D-6C6D-0D0D-5C7D0F5A6B5C}.Release|Any CPU.Build.0 = Release|Any CPU
		{D0F0C7E0-5F5D-6C6D-0D0D-5C7D0F5A6B5C}.Release|x64.ActiveCfg = Release|Any CPU
		{D0F0C7E0-5F5D-6C6D-0D0D-5C7D0F5A6B5C}.Release|x64.Build.0 = Release|Any CPU
		{D0F0C7E0-5F5D-6C6D-0D0D-5C7D0F5A6B5C}.Release|x86.ActiveCfg = Release|Any CPU
		{D0F0C7E0-5F5D-6C6D-0D0D-5C7D0F5A6B5C}.Release|x86.Build.0 = Release|Any CPU
		{E1A1D8F1-6A6E-7D7E-1E1E-6D8E1A6B7C6D}.Debug|Any CPU.ActiveCfg = Debug|Any CPU
		{E1A1D8F1-6A6E-7D7E-1E1E-6D8E1A6B7C6D}.Debug|Any CPU.Build.0 = Debug|Any CPU
		{E1A1D8F1-6A6E-7D7E-1E1E-6D8E1A6B7C6D}.Debug|x64.ActiveCfg = Debug|Any CPU
		{E1A1D8F1-6A6E-7D7E-1E1E-6D8E1A6B7C6D}.Debug|x64.Build.0 = Debug|Any CPU
		{E1A1D8F1-6A6E-7D7E-1E1E-6D8E1A6B7C6D}.Debug|x86.ActiveCfg = Debug|Any CPU
		{E1A1D8F1-6A6E-7D7E-1E1E-6D8E1A6B7C6D}.Debug|x86.Build.0 = Debug|Any CPU
		{E1A1D8F1-6A6E-7D7E-1E1E-6D8E1A6B7C6D}.Release|Any CPU.ActiveCfg = Release|Any CPU
		{E1A1D8F1-6A6E-7D7E-1E1E-6D8E1A6B7C6D}.Release|Any CPU.Build.0 = Release|Any CPU
		{E1A1D8F1-6A6E-7D7E-1E1E-6D8E1A6B7C6D}.Release|x64.ActiveCfg = Release|Any CPU
		{E1A1D8F1-6A6E-7D7E-1E1E-6D8E1A6B7C6D}.Release|x64.Build.0 = Release|Any CPU
		{E1A1D8F1-6A6E-7D7E-1E1E-6D8E1A6B7C6D}.Release|x86.ActiveCfg = Release|Any CPU
		{E1A1D8F1-6A6E-7D7E-1E1E-6D8E1A6B7C6D}.Release|x86.Build.0 = Release|Any CPU
		{0E836234-8D6A-4175-8FBF-928FEA1181E0}.Debug|Any CPU.ActiveCfg = Debug|Any CPU
		{0E836234-8D6A-4175-8FBF-928FEA1181E0}.Debug|Any CPU.Build.0 = Debug|Any CPU
		{0E836234-8D6A-4175-8FBF-928FEA1181E0}.Debug|x64.ActiveCfg = Debug|Any CPU
		{0E836234-8D6A-4175-8FBF-928FEA1181E0}.Debug|x64.Build.0 = Debug|Any CPU
		{0E836234-8D6A-4175-8FBF-928FEA1181E0}.Debug|x86.ActiveCfg = Debug|Any CPU
		{0E836234-8D6A-4175-8FBF-928FEA1181E0}.Debug|x86.Build.0 = Debug|Any CPU
		{0E836234-8D6A-4175-8FBF-928FEA1181E0}.Release|Any CPU.ActiveCfg = Release|Any CPU
		{0E836234-8D6A-4175-8FBF-928FEA1181E0}.Release|Any CPU.Build.0 = Release|Any CPU
		{0E836234-8D6A-4175-8FBF-928FEA1181E0}.Release|x64.ActiveCfg = Release|Any CPU
		{0E836234-8D6A-4175-8FBF-928FEA1181E0}.Release|x64.Build.0 = Release|Any CPU
		{0E836234-8D6A-4175-8FBF-928FEA1181E0}.Release|x86.ActiveCfg = Release|Any CPU
		{0E836234-8D6A-4175-8FBF-928FEA1181E0}.Release|x86.Build.0 = Release|Any CPU
		{8FF55A5F-77EA-4162-A00F-2911D9F2E1A5}.Debug|Any CPU.ActiveCfg = Debug|Any CPU
		{8FF55A5F-77EA-4162-A00F-2911D9F2E1A5}.Debug|Any CPU.Build.0 = Debug|Any CPU
		{8FF55A5F-77EA-4162-A00F-2911D9F2E1A5}.Debug|x64.ActiveCfg = Debug|Any CPU
		{8FF55A5F-77EA-4162-A00F-2911D9F2E1A5}.Debug|x64.Build.0 = Debug|Any CPU
		{8FF55A5F-77EA-4162-A00F-2911D9F2E1A5}.Debug|x86.ActiveCfg = Debug|Any CPU
		{8FF55A5F-77EA-4162-A00F-2911D9F2E1A5}.Debug|x86.Build.0 = Debug|Any CPU
		{8FF55A5F-77EA-4162-A00F-2911D9F2E1A5}.Release|Any CPU.ActiveCfg = Release|Any CPU
		{8FF55A5F-77EA-4162-A00F-2911D9F2E1A5}.Release|Any CPU.Build.0 = Release|Any CPU
		{8FF55A5F-77EA-4162-A00F-2911D9F2E1A5}.Release|x64.ActiveCfg = Release|Any CPU
		{8FF55A5F-77EA-4162-A00F-2911D9F2E1A5}.Release|x64.Build.0 = Release|Any CPU
		{8FF55A5F-77EA-4162-A00F-2911D9F2E1A5}.Release|x86.ActiveCfg = Release|Any CPU
		{8FF55A5F-77EA-4162-A00F-2911D9F2E1A5}.Release|x86.Build.0 = Release|Any CPU
		{883EE718-D75B-4BFF-9E15-3268661655A1}.Debug|Any CPU.ActiveCfg = Debug|Any CPU
		{883EE718-D75B-4BFF-9E15-3268661655A1}.Debug|Any CPU.Build.0 = Debug|Any CPU
		{883EE718-D75B-4BFF-9E15-3268661655A1}.Debug|x64.ActiveCfg = Debug|Any CPU
		{883EE718-D75B-4BFF-9E15-3268661655A1}.Debug|x64.Build.0 = Debug|Any CPU
		{883EE718-D75B-4BFF-9E15-3268661655A1}.Debug|x86.ActiveCfg = Debug|Any CPU
		{883EE718-D75B-4BFF-9E15-3268661655A1}.Debug|x86.Build.0 = Debug|Any CPU
		{883EE718-D75B-4BFF-9E15-3268661655A1}.Release|Any CPU.ActiveCfg = Release|Any CPU
		{883EE718-D75B-4BFF-9E15-3268661655A1}.Release|Any CPU.Build.0 = Release|Any CPU
		{883EE718-D75B-4BFF-9E15-3268661655A1}.Release|x64.ActiveCfg = Release|Any CPU
		{883EE718-D75B-4BFF-9E15-3268661655A1}.Release|x64.Build.0 = Release|Any CPU
		{883EE718-D75B-4BFF-9E15-3268661655A1}.Release|x86.ActiveCfg = Release|Any CPU
		{883EE718-D75B-4BFF-9E15-3268661655A1}.Release|x86.Build.0 = Release|Any CPU
		{9CAEA62B-A9AF-4C1E-B7A2-1CD5B01E9F97}.Debug|Any CPU.ActiveCfg = Debug|Any CPU
		{9CAEA62B-A9AF-4C1E-B7A2-1CD5B01E9F97}.Debug|Any CPU.Build.0 = Debug|Any CPU
		{9CAEA62B-A9AF-4C1E-B7A2-1CD5B01E9F97}.Debug|x64.ActiveCfg = Debug|Any CPU
		{9CAEA62B-A9AF-4C1E-B7A2-1CD5B01E9F97}.Debug|x64.Build.0 = Debug|Any CPU
		{9CAEA62B-A9AF-4C1E-B7A2-1CD5B01E9F97}.Debug|x86.ActiveCfg = Debug|Any CPU
		{9CAEA62B-A9AF-4C1E-B7A2-1CD5B01E9F97}.Debug|x86.Build.0 = Debug|Any CPU
		{9CAEA62B-A9AF-4C1E-B7A2-1CD5B01E9F97}.Release|Any CPU.ActiveCfg = Release|Any CPU
		{9CAEA62B-A9AF-4C1E-B7A2-1CD5B01E9F97}.Release|Any CPU.Build.0 = Release|Any CPU
		{9CAEA62B-A9AF-4C1E-B7A2-1CD5B01E9F97}.Release|x64.ActiveCfg = Release|Any CPU
		{9CAEA62B-A9AF-4C1E-B7A2-1CD5B01E9F97}.Release|x64.Build.0 = Release|Any CPU
		{9CAEA62B-A9AF-4C1E-B7A2-1CD5B01E9F97}.Release|x86.ActiveCfg = Release|Any CPU
		{9CAEA62B-A9AF-4C1E-B7A2-1CD5B01E9F97}.Release|x86.Build.0 = Release|Any CPU
		{6914F4FD-85B7-4B09-BB81-F49727CF20E6}.Debug|Any CPU.ActiveCfg = Debug|Any CPU
		{6914F4FD-85B7-4B09-BB81-F49727CF20E6}.Debug|Any CPU.Build.0 = Debug|Any CPU
		{6914F4FD-85B7-4B09-BB81-F49727CF20E6}.Debug|x64.ActiveCfg = Debug|Any CPU
		{6914F4FD-85B7-4B09-BB81-F49727CF20E6}.Debug|x64.Build.0 = Debug|Any CPU
		{6914F4FD-85B7-4B09-BB81-F49727CF20E6}.Debug|x86.ActiveCfg = Debug|Any CPU
		{6914F4FD-85B7-4B09-BB81-F49727CF20E6}.Debug|x86.Build.0 = Debug|Any CPU
		{6914F4FD-85B7-4B09-BB81-F49727CF20E6}.Release|Any CPU.ActiveCfg = Release|Any CPU
		{6914F4FD-85B7-4B09-BB81-F49727CF20E6}.Release|Any CPU.Build.0 = Release|Any CPU
		{6914F4FD-85B7-4B09-BB81-F49727CF20E6}.Release|x64.ActiveCfg = Release|Any CPU
		{6914F4FD-85B7-4B09-BB81-F49727CF20E6}.Release|x64.Build.0 = Release|Any CPU
		{6914F4FD-85B7-4B09-BB81-F49727CF20E6}.Release|x86.ActiveCfg = Release|Any CPU
		{6914F4FD-85B7-4B09-BB81-F49727CF20E6}.Release|x86.Build.0 = Release|Any CPU
	EndGlobalSection
	GlobalSection(SolutionProperties) = preSolution
		HideSolutionNode = FALSE
	EndGlobalSection
	GlobalSection(ExtensibilityGlobals) = postSolution
		SolutionGuid = {F2B2F4F6-8A8C-4D4E-9F9F-7E8F2B4F6A8C}
	EndGlobalSection
EndGlobal
